// !$*UTF8*$!
{
	archiveVersion = 1;
	classes = {
	};
	objectVersion = 46;
	objects = {

/* Begin PBXBuildFile section */
		94BBB9C21EA7401000E2CE87 /* AppDelegate.swift in Sources */ = {isa = PBXBuildFile; fileRef = 94BBB9C11EA7401000E2CE87 /* AppDelegate.swift */; };
		94BBB9C41EA7401000E2CE87 /* ViewController.swift in Sources */ = {isa = PBXBuildFile; fileRef = 94BBB9C31EA7401000E2CE87 /* ViewController.swift */; };
		94BBB9C71EA7401000E2CE87 /* Main.storyboard in Resources */ = {isa = PBXBuildFile; fileRef = 94BBB9C51EA7401000E2CE87 /* Main.storyboard */; };
		94BBB9C91EA7401000E2CE87 /* Assets.xcassets in Resources */ = {isa = PBXBuildFile; fileRef = 94BBB9C81EA7401000E2CE87 /* Assets.xcassets */; };
		94BBB9CC1EA7401000E2CE87 /* LaunchScreen.storyboard in Resources */ = {isa = PBXBuildFile; fileRef = 94BBB9CA1EA7401000E2CE87 /* LaunchScreen.storyboard */; };
		94BBB9D71EA7401000E2CE87 /* Interactuando_con_el_hardware_del_dispositivo_iOS_Semana_1_EjemploSonido1Tests.swift in Sources */ = {isa = PBXBuildFile; fileRef = 94BBB9D61EA7401000E2CE87 /* Interactuando_con_el_hardware_del_dispositivo_iOS_Semana_1_EjemploSonido1Tests.swift */; };
		94BBB9E21EA7401000E2CE87 /* Interactuando_con_el_hardware_del_dispositivo_iOS_Semana_1_EjemploSonido1UITests.swift in Sources */ = {isa = PBXBuildFile; fileRef = 94BBB9E11EA7401000E2CE87 /* Interactuando_con_el_hardware_del_dispositivo_iOS_Semana_1_EjemploSonido1UITests.swift */; };
		94BBB9F01EA741A400E2CE87 /* Submarine.aiff in Resources */ = {isa = PBXBuildFile; fileRef = 94BBB9EF1EA741A400E2CE87 /* Submarine.aiff */; };
/* End PBXBuildFile section */

/* Begin PBXContainerItemProxy section */
		94BBB9D31EA7401000E2CE87 /* PBXContainerItemProxy */ = {
			isa = PBXContainerItemProxy;
			containerPortal = 94BBB9B61EA7401000E2CE87 /* Project object */;
			proxyType = 1;
			remoteGlobalIDString = 94BBB9BD1EA7401000E2CE87;
			remoteInfo = "Interactuando-con-el-hardware-del-dispositivo-iOS_Semana-1_EjemploSonido1";
		};
		94BBB9DE1EA7401000E2CE87 /* PBXContainerItemProxy */ = {
			isa = PBXContainerItemProxy;
			containerPortal = 94BBB9B61EA7401000E2CE87 /* Project object */;
			proxyType = 1;
			remoteGlobalIDString = 94BBB9BD1EA7401000E2CE87;
			remoteInfo = "Interactuando-con-el-hardware-del-dispositivo-iOS_Semana-1_EjemploSonido1";
		};
/* End PBXContainerItemProxy section */

/* Begin PBXFileReference section */
		94BBB9BE1EA7401000E2CE87 /* Interactuando-con-el-hardware-del-dispositivo-iOS_Semana-1_EjemploSonido1.app */ = {isa = PBXFileReference; explicitFileType = wrapper.application; includeInIndex = 0; path = "Interactuando-con-el-hardware-del-dispositivo-iOS_Semana-1_EjemploSonido1.app"; sourceTree = BUILT_PRODUCTS_DIR; };
		94BBB9C11EA7401000E2CE87 /* AppDelegate.swift */ = {isa = PBXFileReference; lastKnownFileType = sourcecode.swift; path = AppDelegate.swift; sourceTree = "<group>"; };
		94BBB9C31EA7401000E2CE87 /* ViewController.swift */ = {isa = PBXFileReference; lastKnownFileType = sourcecode.swift; path = ViewController.swift; sourceTree = "<group>"; };
		94BBB9C61EA7401000E2CE87 /* Base */ = {isa = PBXFileReference; lastKnownFileType = file.storyboard; name = Base; path = Base.lproj/Main.storyboard; sourceTree = "<group>"; };
		94BBB9C81EA7401000E2CE87 /* Assets.xcassets */ = {isa = PBXFileReference; lastKnownFileType = folder.assetcatalog; path = Assets.xcassets; sourceTree = "<group>"; };
		94BBB9CB1EA7401000E2CE87 /* Base */ = {isa = PBXFileReference; lastKnownFileType = file.storyboard; name = Base; path = Base.lproj/LaunchScreen.storyboard; sourceTree = "<group>"; };
		94BBB9CD1EA7401000E2CE87 /* Info.plist */ = {isa = PBXFileReference; lastKnownFileType = text.plist.xml; path = Info.plist; sourceTree = "<group>"; };
		94BBB9D21EA7401000E2CE87 /* Interactuando-con-el-hardware-del-dispositivo-iOS_Semana-1_EjemploSonido1Tests.xctest */ = {isa = PBXFileReference; explicitFileType = wrapper.cfbundle; includeInIndex = 0; path = "Interactuando-con-el-hardware-del-dispositivo-iOS_Semana-1_EjemploSonido1Tests.xctest"; sourceTree = BUILT_PRODUCTS_DIR; };
		94BBB9D61EA7401000E2CE87 /* Interactuando_con_el_hardware_del_dispositivo_iOS_Semana_1_EjemploSonido1Tests.swift */ = {isa = PBXFileReference; lastKnownFileType = sourcecode.swift; path = Interactuando_con_el_hardware_del_dispositivo_iOS_Semana_1_EjemploSonido1Tests.swift; sourceTree = "<group>"; };
		94BBB9D81EA7401000E2CE87 /* Info.plist */ = {isa = PBXFileReference; lastKnownFileType = text.plist.xml; path = Info.plist; sourceTree = "<group>"; };
		94BBB9DD1EA7401000E2CE87 /* Interactuando-con-el-hardware-del-dispositivo-iOS_Semana-1_EjemploSonido1UITests.xctest */ = {isa = PBXFileReference; explicitFileType = wrapper.cfbundle; includeInIndex = 0; path = "Interactuando-con-el-hardware-del-dispositivo-iOS_Semana-1_EjemploSonido1UITests.xctest"; sourceTree = BUILT_PRODUCTS_DIR; };
		94BBB9E11EA7401000E2CE87 /* Interactuando_con_el_hardware_del_dispositivo_iOS_Semana_1_EjemploSonido1UITests.swift */ = {isa = PBXFileReference; lastKnownFileType = sourcecode.swift; path = Interactuando_con_el_hardware_del_dispositivo_iOS_Semana_1_EjemploSonido1UITests.swift; sourceTree = "<group>"; };
		94BBB9E31EA7401000E2CE87 /* Info.plist */ = {isa = PBXFileReference; lastKnownFileType = text.plist.xml; path = Info.plist; sourceTree = "<group>"; };
		94BBB9EF1EA741A400E2CE87 /* Submarine.aiff */ = {isa = PBXFileReference; lastKnownFileType = audio.aiff; path = Submarine.aiff; sourceTree = "<group>"; };
/* End PBXFileReference section */

/* Begin PBXFrameworksBuildPhase section */
		94BBB9BB1EA7401000E2CE87 /* Frameworks */ = {
			isa = PBXFrameworksBuildPhase;
			buildActionMask = 2147483647;
			files = (
			);
			runOnlyForDeploymentPostprocessing = 0;
		};
		94BBB9CF1EA7401000E2CE87 /* Frameworks */ = {
			isa = PBXFrameworksBuildPhase;
			buildActionMask = 2147483647;
			files = (
			);
			runOnlyForDeploymentPostprocessing = 0;
		};
		94BBB9DA1EA7401000E2CE87 /* Frameworks */ = {
			isa = PBXFrameworksBuildPhase;
			buildActionMask = 2147483647;
			files = (
			);
			runOnlyForDeploymentPostprocessing = 0;
		};
/* End PBXFrameworksBuildPhase section */

/* Begin PBXGroup section */
		94BBB9B51EA7401000E2CE87 = {
			isa = PBXGroup;
			children = (
				94BBB9C01EA7401000E2CE87 /* Interactuando-con-el-hardware-del-dispositivo-iOS_Semana-1_EjemploSonido1 */,
				94BBB9D51EA7401000E2CE87 /* Interactuando-con-el-hardware-del-dispositivo-iOS_Semana-1_EjemploSonido1Tests */,
				94BBB9E01EA7401000E2CE87 /* Interactuando-con-el-hardware-del-dispositivo-iOS_Semana-1_EjemploSonido1UITests */,
				94BBB9BF1EA7401000E2CE87 /* Products */,
			);
			sourceTree = "<group>";
		};
		94BBB9BF1EA7401000E2CE87 /* Products */ = {
			isa = PBXGroup;
			children = (
				94BBB9BE1EA7401000E2CE87 /* Interactuando-con-el-hardware-del-dispositivo-iOS_Semana-1_EjemploSonido1.app */,
				94BBB9D21EA7401000E2CE87 /* Interactuando-con-el-hardware-del-dispositivo-iOS_Semana-1_EjemploSonido1Tests.xctest */,
				94BBB9DD1EA7401000E2CE87 /* Interactuando-con-el-hardware-del-dispositivo-iOS_Semana-1_EjemploSonido1UITests.xctest */,
			);
			name = Products;
			sourceTree = "<group>";
		};
		94BBB9C01EA7401000E2CE87 /* Interactuando-con-el-hardware-del-dispositivo-iOS_Semana-1_EjemploSonido1 */ = {
			isa = PBXGroup;
			children = (
				94BBB9EF1EA741A400E2CE87 /* Submarine.aiff */,
				94BBB9C11EA7401000E2CE87 /* AppDelegate.swift */,
				94BBB9C31EA7401000E2CE87 /* ViewController.swift */,
				94BBB9C51EA7401000E2CE87 /* Main.storyboard */,
				94BBB9C81EA7401000E2CE87 /* Assets.xcassets */,
				94BBB9CA1EA7401000E2CE87 /* LaunchScreen.storyboard */,
				94BBB9CD1EA7401000E2CE87 /* Info.plist */,
			);
			path = "Interactuando-con-el-hardware-del-dispositivo-iOS_Semana-1_EjemploSonido1";
			sourceTree = "<group>";
		};
		94BBB9D51EA7401000E2CE87 /* Interactuando-con-el-hardware-del-dispositivo-iOS_Semana-1_EjemploSonido1Tests */ = {
			isa = PBXGroup;
			children = (
				94BBB9D61EA7401000E2CE87 /* Interactuando_con_el_hardware_del_dispositivo_iOS_Semana_1_EjemploSonido1Tests.swift */,
				94BBB9D81EA7401000E2CE87 /* Info.plist */,
			);
			path = "Interactuando-con-el-hardware-del-dispositivo-iOS_Semana-1_EjemploSonido1Tests";
			sourceTree = "<group>";
		};
		94BBB9E01EA7401000E2CE87 /* Interactuando-con-el-hardware-del-dispositivo-iOS_Semana-1_EjemploSonido1UITests */ = {
			isa = PBXGroup;
			children = (
				94BBB9E11EA7401000E2CE87 /* Interactuando_con_el_hardware_del_dispositivo_iOS_Semana_1_EjemploSonido1UITests.swift */,
				94BBB9E31EA7401000E2CE87 /* Info.plist */,
			);
			path = "Interactuando-con-el-hardware-del-dispositivo-iOS_Semana-1_EjemploSonido1UITests";
			sourceTree = "<group>";
		};
/* End PBXGroup section */

/* Begin PBXNativeTarget section */
		94BBB9BD1EA7401000E2CE87 /* Interactuando-con-el-hardware-del-dispositivo-iOS_Semana-1_EjemploSonido1 */ = {
			isa = PBXNativeTarget;
			buildConfigurationList = 94BBB9E61EA7401000E2CE87 /* Build configuration list for PBXNativeTarget "Interactuando-con-el-hardware-del-dispositivo-iOS_Semana-1_EjemploSonido1" */;
			buildPhases = (
				94BBB9BA1EA7401000E2CE87 /* Sources */,
				94BBB9BB1EA7401000E2CE87 /* Frameworks */,
				94BBB9BC1EA7401000E2CE87 /* Resources */,
			);
			buildRules = (
			);
			dependencies = (
			);
			name = "Interactuando-con-el-hardware-del-dispositivo-iOS_Semana-1_EjemploSonido1";
			productName = "Interactuando-con-el-hardware-del-dispositivo-iOS_Semana-1_EjemploSonido1";
			productReference = 94BBB9BE1EA7401000E2CE87 /* Interactuando-con-el-hardware-del-dispositivo-iOS_Semana-1_EjemploSonido1.app */;
			productType = "com.apple.product-type.application";
		};
		94BBB9D11EA7401000E2CE87 /* Interactuando-con-el-hardware-del-dispositivo-iOS_Semana-1_EjemploSonido1Tests */ = {
			isa = PBXNativeTarget;
			buildConfigurationList = 94BBB9E91EA7401000E2CE87 /* Build configuration list for PBXNativeTarget "Interactuando-con-el-hardware-del-dispositivo-iOS_Semana-1_EjemploSonido1Tests" */;
			buildPhases = (
				94BBB9CE1EA7401000E2CE87 /* Sources */,
				94BBB9CF1EA7401000E2CE87 /* Frameworks */,
				94BBB9D01EA7401000E2CE87 /* Resources */,
			);
			buildRules = (
			);
			dependencies = (
				94BBB9D41EA7401000E2CE87 /* PBXTargetDependency */,
			);
			name = "Interactuando-con-el-hardware-del-dispositivo-iOS_Semana-1_EjemploSonido1Tests";
			productName = "Interactuando-con-el-hardware-del-dispositivo-iOS_Semana-1_EjemploSonido1Tests";
			productReference = 94BBB9D21EA7401000E2CE87 /* Interactuando-con-el-hardware-del-dispositivo-iOS_Semana-1_EjemploSonido1Tests.xctest */;
			productType = "com.apple.product-type.bundle.unit-test";
		};
		94BBB9DC1EA7401000E2CE87 /* Interactuando-con-el-hardware-del-dispositivo-iOS_Semana-1_EjemploSonido1UITests */ = {
			isa = PBXNativeTarget;
			buildConfigurationList = 94BBB9EC1EA7401000E2CE87 /* Build configuration list for PBXNativeTarget "Interactuando-con-el-hardware-del-dispositivo-iOS_Semana-1_EjemploSonido1UITests" */;
			buildPhases = (
				94BBB9D91EA7401000E2CE87 /* Sources */,
				94BBB9DA1EA7401000E2CE87 /* Frameworks */,
				94BBB9DB1EA7401000E2CE87 /* Resources */,
			);
			buildRules = (
			);
			dependencies = (
				94BBB9DF1EA7401000E2CE87 /* PBXTargetDependency */,
			);
			name = "Interactuando-con-el-hardware-del-dispositivo-iOS_Semana-1_EjemploSonido1UITests";
			productName = "Interactuando-con-el-hardware-del-dispositivo-iOS_Semana-1_EjemploSonido1UITests";
			productReference = 94BBB9DD1EA7401000E2CE87 /* Interactuando-con-el-hardware-del-dispositivo-iOS_Semana-1_EjemploSonido1UITests.xctest */;
			productType = "com.apple.product-type.bundle.ui-testing";
		};
/* End PBXNativeTarget section */

/* Begin PBXProject section */
		94BBB9B61EA7401000E2CE87 /* Project object */ = {
			isa = PBXProject;
			attributes = {
				LastSwiftUpdateCheck = 0830;
				LastUpgradeCheck = 0830;
				ORGANIZATIONNAME = "Juan Carlos Carbajal Ipenza";
				TargetAttributes = {
					94BBB9BD1EA7401000E2CE87 = {
						CreatedOnToolsVersion = 8.3.1;
						DevelopmentTeam = 85667CV2UC;
						ProvisioningStyle = Automatic;
					};
					94BBB9D11EA7401000E2CE87 = {
						CreatedOnToolsVersion = 8.3.1;
						DevelopmentTeam = 85667CV2UC;
						ProvisioningStyle = Automatic;
						TestTargetID = 94BBB9BD1EA7401000E2CE87;
					};
					94BBB9DC1EA7401000E2CE87 = {
						CreatedOnToolsVersion = 8.3.1;
						DevelopmentTeam = 85667CV2UC;
						ProvisioningStyle = Automatic;
						TestTargetID = 94BBB9BD1EA7401000E2CE87;
					};
				};
			};
			buildConfigurationList = 94BBB9B91EA7401000E2CE87 /* Build configuration list for PBXProject "Interactuando-con-el-hardware-del-dispositivo-iOS_Semana-1_EjemploSonido1" */;
			compatibilityVersion = "Xcode 3.2";
			developmentRegion = English;
			hasScannedForEncodings = 0;
			knownRegions = (
				en,
				Base,
			);
			mainGroup = 94BBB9B51EA7401000E2CE87;
			productRefGroup = 94BBB9BF1EA7401000E2CE87 /* Products */;
			projectDirPath = "";
			projectRoot = "";
			targets = (
				94BBB9BD1EA7401000E2CE87 /* Interactuando-con-el-hardware-del-dispositivo-iOS_Semana-1_EjemploSonido1 */,
				94BBB9D11EA7401000E2CE87 /* Interactuando-con-el-hardware-del-dispositivo-iOS_Semana-1_EjemploSonido1Tests */,
				94BBB9DC1EA7401000E2CE87 /* Interactuando-con-el-hardware-del-dispositivo-iOS_Semana-1_EjemploSonido1UITests */,
			);
		};
/* End PBXProject section */

/* Begin PBXResourcesBuildPhase section */
		94BBB9BC1EA7401000E2CE87 /* Resources */ = {
			isa = PBXResourcesBuildPhase;
			buildActionMask = 2147483647;
			files = (
				94BBB9F01EA741A400E2CE87 /* Submarine.aiff in Resources */,
				94BBB9CC1EA7401000E2CE87 /* LaunchScreen.storyboard in Resources */,
				94BBB9C91EA7401000E2CE87 /* Assets.xcassets in Resources */,
				94BBB9C71EA7401000E2CE87 /* Main.storyboard in Resources */,
			);
			runOnlyForDeploymentPostprocessing = 0;
		};
		94BBB9D01EA7401000E2CE87 /* Resources */ = {
			isa = PBXResourcesBuildPhase;
			buildActionMask = 2147483647;
			files = (
			);
			runOnlyForDeploymentPostprocessing = 0;
		};
		94BBB9DB1EA7401000E2CE87 /* Resources */ = {
			isa = PBXResourcesBuildPhase;
			buildActionMask = 2147483647;
			files = (
			);
			runOnlyForDeploymentPostprocessing = 0;
		};
/* End PBXResourcesBuildPhase section */

/* Begin PBXSourcesBuildPhase section */
		94BBB9BA1EA7401000E2CE87 /* Sources */ = {
			isa = PBXSourcesBuildPhase;
			buildActionMask = 2147483647;
			files = (
				94BBB9C41EA7401000E2CE87 /* ViewController.swift in Sources */,
				94BBB9C21EA7401000E2CE87 /* AppDelegate.swift in Sources */,
			);
			runOnlyForDeploymentPostprocessing = 0;
		};
		94BBB9CE1EA7401000E2CE87 /* Sources */ = {
			isa = PBXSourcesBuildPhase;
			buildActionMask = 2147483647;
			files = (
				94BBB9D71EA7401000E2CE87 /* Interactuando_con_el_hardware_del_dispositivo_iOS_Semana_1_EjemploSonido1Tests.swift in Sources */,
			);
			runOnlyForDeploymentPostprocessing = 0;
		};
		94BBB9D91EA7401000E2CE87 /* Sources */ = {
			isa = PBXSourcesBuildPhase;
			buildActionMask = 2147483647;
			files = (
				94BBB9E21EA7401000E2CE87 /* Interactuando_con_el_hardware_del_dispositivo_iOS_Semana_1_EjemploSonido1UITests.swift in Sources */,
			);
			runOnlyForDeploymentPostprocessing = 0;
		};
/* End PBXSourcesBuildPhase section */

/* Begin PBXTargetDependency section */
		94BBB9D41EA7401000E2CE87 /* PBXTargetDependency */ = {
			isa = PBXTargetDependency;
			target = 94BBB9BD1EA7401000E2CE87 /* Interactuando-con-el-hardware-del-dispositivo-iOS_Semana-1_EjemploSonido1 */;
			targetProxy = 94BBB9D31EA7401000E2CE87 /* PBXContainerItemProxy */;
		};
		94BBB9DF1EA7401000E2CE87 /* PBXTargetDependency */ = {
			isa = PBXTargetDependency;
			target = 94BBB9BD1EA7401000E2CE87 /* Interactuando-con-el-hardware-del-dispositivo-iOS_Semana-1_EjemploSonido1 */;
			targetProxy = 94BBB9DE1EA7401000E2CE87 /* PBXContainerItemProxy */;
		};
/* End PBXTargetDependency section */

/* Begin PBXVariantGroup section */
		94BBB9C51EA7401000E2CE87 /* Main.storyboard */ = {
			isa = PBXVariantGroup;
			children = (
				94BBB9C61EA7401000E2CE87 /* Base */,
			);
			name = Main.storyboard;
			sourceTree = "<group>";
		};
		94BBB9CA1EA7401000E2CE87 /* LaunchScreen.storyboard */ = {
			isa = PBXVariantGroup;
			children = (
				94BBB9CB1EA7401000E2CE87 /* Base */,
			);
			name = LaunchScreen.storyboard;
			sourceTree = "<group>";
		};
/* End PBXVariantGroup section */

/* Begin XCBuildConfiguration section */
		94BBB9E41EA7401000E2CE87 /* Debug */ = {
			isa = XCBuildConfiguration;
			buildSettings = {
				ALWAYS_SEARCH_USER_PATHS = NO;
				CLANG_ANALYZER_NONNULL = YES;
				CLANG_ANALYZER_NUMBER_OBJECT_CONVERSION = YES_AGGRESSIVE;
				CLANG_CXX_LANGUAGE_STANDARD = "gnu++0x";
				CLANG_CXX_LIBRARY = "libc++";
				CLANG_ENABLE_MODULES = YES;
				CLANG_ENABLE_OBJC_ARC = YES;
				CLANG_WARN_BOOL_CONVERSION = YES;
				CLANG_WARN_CONSTANT_CONVERSION = YES;
				CLANG_WARN_DIRECT_OBJC_ISA_USAGE = YES_ERROR;
				CLANG_WARN_DOCUMENTATION_COMMENTS = YES;
				CLANG_WARN_EMPTY_BODY = YES;
				CLANG_WARN_ENUM_CONVERSION = YES;
				CLANG_WARN_INFINITE_RECURSION = YES;
				CLANG_WARN_INT_CONVERSION = YES;
				CLANG_WARN_OBJC_ROOT_CLASS = YES_ERROR;
				CLANG_WARN_SUSPICIOUS_MOVE = YES;
				CLANG_WARN_UNREACHABLE_CODE = YES;
				CLANG_WARN__DUPLICATE_METHOD_MATCH = YES;
				"CODE_SIGN_IDENTITY[sdk=iphoneos*]" = "iPhone Developer";
				COPY_PHASE_STRIP = NO;
				DEBUG_INFORMATION_FORMAT = dwarf;
				ENABLE_STRICT_OBJC_MSGSEND = YES;
				ENABLE_TESTABILITY = YES;
				GCC_C_LANGUAGE_STANDARD = gnu99;
				GCC_DYNAMIC_NO_PIC = NO;
				GCC_NO_COMMON_BLOCKS = YES;
				GCC_OPTIMIZATION_LEVEL = 0;
				GCC_PREPROCESSOR_DEFINITIONS = (
					"DEBUG=1",
					"$(inherited)",
				);
				GCC_WARN_64_TO_32_BIT_CONVERSION = YES;
				GCC_WARN_ABOUT_RETURN_TYPE = YES_ERROR;
				GCC_WARN_UNDECLARED_SELECTOR = YES;
				GCC_WARN_UNINITIALIZED_AUTOS = YES_AGGRESSIVE;
				GCC_WARN_UNUSED_FUNCTION = YES;
				GCC_WARN_UNUSED_VARIABLE = YES;
				IPHONEOS_DEPLOYMENT_TARGET = 10.3;
				MTL_ENABLE_DEBUG_INFO = YES;
				ONLY_ACTIVE_ARCH = YES;
				SDKROOT = iphoneos;
				SWIFT_ACTIVE_COMPILATION_CONDITIONS = DEBUG;
				SWIFT_OPTIMIZATION_LEVEL = "-Onone";
				TARGETED_DEVICE_FAMILY = "1,2";
			};
			name = Debug;
		};
		94BBB9E51EA7401000E2CE87 /* Release */ = {
			isa = XCBuildConfiguration;
			buildSettings = {
				ALWAYS_SEARCH_USER_PATHS = NO;
				CLANG_ANALYZER_NONNULL = YES;
				CLANG_ANALYZER_NUMBER_OBJECT_CONVERSION = YES_AGGRESSIVE;
				CLANG_CXX_LANGUAGE_STANDARD = "gnu++0x";
				CLANG_CXX_LIBRARY = "libc++";
				CLANG_ENABLE_MODULES = YES;
				CLANG_ENABLE_OBJC_ARC = YES;
				CLANG_WARN_BOOL_CONVERSION = YES;
				CLANG_WARN_CONSTANT_CONVERSION = YES;
				CLANG_WARN_DIRECT_OBJC_ISA_USAGE = YES_ERROR;
				CLANG_WARN_DOCUMENTATION_COMMENTS = YES;
				CLANG_WARN_EMPTY_BODY = YES;
				CLANG_WARN_ENUM_CONVERSION = YES;
				CLANG_WARN_INFINITE_RECURSION = YES;
				CLANG_WARN_INT_CONVERSION = YES;
				CLANG_WARN_OBJC_ROOT_CLASS = YES_ERROR;
				CLANG_WARN_SUSPICIOUS_MOVE = YES;
				CLANG_WARN_UNREACHABLE_CODE = YES;
				CLANG_WARN__DUPLICATE_METHOD_MATCH = YES;
				"CODE_SIGN_IDENTITY[sdk=iphoneos*]" = "iPhone Developer";
				COPY_PHASE_STRIP = NO;
				DEBUG_INFORMATION_FORMAT = "dwarf-with-dsym";
				ENABLE_NS_ASSERTIONS = NO;
				ENABLE_STRICT_OBJC_MSGSEND = YES;
				GCC_C_LANGUAGE_STANDARD = gnu99;
				GCC_NO_COMMON_BLOCKS = YES;
				GCC_WARN_64_TO_32_BIT_CONVERSION = YES;
				GCC_WARN_ABOUT_RETURN_TYPE = YES_ERROR;
				GCC_WARN_UNDECLARED_SELECTOR = YES;
				GCC_WARN_UNINITIALIZED_AUTOS = YES_AGGRESSIVE;
				GCC_WARN_UNUSED_FUNCTION = YES;
				GCC_WARN_UNUSED_VARIABLE = YES;
				IPHONEOS_DEPLOYMENT_TARGET = 10.3;
				MTL_ENABLE_DEBUG_INFO = NO;
				SDKROOT = iphoneos;
				SWIFT_OPTIMIZATION_LEVEL = "-Owholemodule";
				TARGETED_DEVICE_FAMILY = "1,2";
				VALIDATE_PRODUCT = YES;
			};
			name = Release;
		};
		94BBB9E71EA7401000E2CE87 /* Debug */ = {
			isa = XCBuildConfiguration;
			buildSettings = {
				ASSETCATALOG_COMPILER_APPICON_NAME = AppIcon;
				DEVELOPMENT_TEAM = 85667CV2UC;
				INFOPLIST_FILE = "Interactuando-con-el-hardware-del-dispositivo-iOS_Semana-1_EjemploSonido1/Info.plist";
				LD_RUNPATH_SEARCH_PATHS = "$(inherited) @executable_path/Frameworks";
				PRODUCT_BUNDLE_IDENTIFIER = "com.m0rb1u5.Interactuando-con-el-hardware-del-dispositivo-iOS-Semana-1-EjemploSonido1";
				PRODUCT_NAME = "$(TARGET_NAME)";
				SWIFT_VERSION = 3.0;
			};
			name = Debug;
		};
		94BBB9E81EA7401000E2CE87 /* Release */ = {
			isa = XCBuildConfiguration;
			buildSettings = {
				ASSETCATALOG_COMPILER_APPICON_NAME = AppIcon;
				DEVELOPMENT_TEAM = 85667CV2UC;
				INFOPLIST_FILE = "Interactuando-con-el-hardware-del-dispositivo-iOS_Semana-1_EjemploSonido1/Info.plist";
				LD_RUNPATH_SEARCH_PATHS = "$(inherited) @executable_path/Frameworks";
				PRODUCT_BUNDLE_IDENTIFIER = "com.m0rb1u5.Interactuando-con-el-hardware-del-dispositivo-iOS-Semana-1-EjemploSonido1";
				PRODUCT_NAME = "$(TARGET_NAME)";
				SWIFT_VERSION = 3.0;
			};
			name = Release;
		};
		94BBB9EA1EA7401000E2CE87 /* Debug */ = {
			isa = XCBuildConfiguration;
			buildSettings = {
				ALWAYS_EMBED_SWIFT_STANDARD_LIBRARIES = YES;
				BUNDLE_LOADER = "$(TEST_HOST)";
				DEVELOPMENT_TEAM = 85667CV2UC;
				INFOPLIST_FILE = "Interactuando-con-el-hardware-del-dispositivo-iOS_Semana-1_EjemploSonido1Tests/Info.plist";
				LD_RUNPATH_SEARCH_PATHS = "$(inherited) @executable_path/Frameworks @loader_path/Frameworks";
				PRODUCT_BUNDLE_IDENTIFIER = "com.m0rb1u5.Interactuando-con-el-hardware-del-dispositivo-iOS-Semana-1-EjemploSonido1Tests";
				PRODUCT_NAME = "$(TARGET_NAME)";
				SWIFT_VERSION = 3.0;
				TEST_HOST = "$(BUILT_PRODUCTS_DIR)/Interactuando-con-el-hardware-del-dispositivo-iOS_Semana-1_EjemploSonido1.app/Interactuando-con-el-hardware-del-dispositivo-iOS_Semana-1_EjemploSonido1";
			};
			name = Debug;
		};
		94BBB9EB1EA7401000E2CE87 /* Release */ = {
			isa = XCBuildConfiguration;
			buildSettings = {
				ALWAYS_EMBED_SWIFT_STANDARD_LIBRARIES = YES;
				BUNDLE_LOADER = "$(TEST_HOST)";
				DEVELOPMENT_TEAM = 85667CV2UC;
				INFOPLIST_FILE = "Interactuando-con-el-hardware-del-dispositivo-iOS_Semana-1_EjemploSonido1Tests/Info.plist";
				LD_RUNPATH_SEARCH_PATHS = "$(inherited) @executable_path/Frameworks @loader_path/Frameworks";
				PRODUCT_BUNDLE_IDENTIFIER = "com.m0rb1u5.Interactuando-con-el-hardware-del-dispositivo-iOS-Semana-1-EjemploSonido1Tests";
				PRODUCT_NAME = "$(TARGET_NAME)";
				SWIFT_VERSION = 3.0;
				TEST_HOST = "$(BUILT_PRODUCTS_DIR)/Interactuando-con-el-hardware-del-dispositivo-iOS_Semana-1_EjemploSonido1.app/Interactuando-con-el-hardware-del-dispositivo-iOS_Semana-1_EjemploSonido1";
			};
			name = Release;
		};
		94BBB9ED1EA7401000E2CE87 /* Debug */ = {
			isa = XCBuildConfiguration;
			buildSettings = {
				ALWAYS_EMBED_SWIFT_STANDARD_LIBRARIES = YES;
				DEVELOPMENT_TEAM = 85667CV2UC;
				INFOPLIST_FILE = "Interactuando-con-el-hardware-del-dispositivo-iOS_Semana-1_EjemploSonido1UITests/Info.plist";
				LD_RUNPATH_SEARCH_PATHS = "$(inherited) @executable_path/Frameworks @loader_path/Frameworks";
				PRODUCT_BUNDLE_IDENTIFIER = "com.m0rb1u5.Interactuando-con-el-hardware-del-dispositivo-iOS-Semana-1-EjemploSonido1UITests";
				PRODUCT_NAME = "$(TARGET_NAME)";
				SWIFT_VERSION = 3.0;
				TEST_TARGET_NAME = "Interactuando-con-el-hardware-del-dispositivo-iOS_Semana-1_EjemploSonido1";
			};
			name = Debug;
		};
		94BBB9EE1EA7401000E2CE87 /* Release */ = {
			isa = XCBuildConfiguration;
			buildSettings = {
				ALWAYS_EMBED_SWIFT_STANDARD_LIBRARIES = YES;
				DEVELOPMENT_TEAM = 85667CV2UC;
				INFOPLIST_FILE = "Interactuando-con-el-hardware-del-dispositivo-iOS_Semana-1_EjemploSonido1UITests/Info.plist";
				LD_RUNPATH_SEARCH_PATHS = "$(inherited) @executable_path/Frameworks @loader_path/Frameworks";
				PRODUCT_BUNDLE_IDENTIFIER = "com.m0rb1u5.Interactuando-con-el-hardware-del-dispositivo-iOS-Semana-1-EjemploSonido1UITests";
				PRODUCT_NAME = "$(TARGET_NAME)";
				SWIFT_VERSION = 3.0;
				TEST_TARGET_NAME = "Interactuando-con-el-hardware-del-dispositivo-iOS_Semana-1_EjemploSonido1";
			};
			name = Release;
		};
/* End XCBuildConfiguration section */

/* Begin XCConfigurationList section */
		94BBB9B91EA7401000E2CE87 /* Build configuration list for PBXProject "Interactuando-con-el-hardware-del-dispositivo-iOS_Semana-1_EjemploSonido1" */ = {
			isa = XCConfigurationList;
			buildConfigurations = (
				94BBB9E41EA7401000E2CE87 /* Debug */,
				94BBB9E51EA7401000E2CE87 /* Release */,
			);
			defaultConfigurationIsVisible = 0;
			defaultConfigurationName = Release;
		};
		94BBB9E61EA7401000E2CE87 /* Build configuration list for PBXNativeTarget "Interactuando-con-el-hardware-del-dispositivo-iOS_Semana-1_EjemploSonido1" */ = {
			isa = XCConfigurationList;
			buildConfigurations = (
				94BBB9E71EA7401000E2CE87 /* Debug */,
				94BBB9E81EA7401000E2CE87 /* Release */,
			);
			defaultConfigurationIsVisible = 0;
		};
		94BBB9E91EA7401000E2CE87 /* Build configuration list for PBXNativeTarget "Interactuando-con-el-hardware-del-dispositivo-iOS_Semana-1_EjemploSonido1Tests" */ = {
			isa = XCConfigurationList;
			buildConfigurations = (
				94BBB9EA1EA7401000E2CE87 /* Debug */,
				94BBB9EB1EA7401000E2CE87 /* Release */,
			);
			defaultConfigurationIsVisible = 0;
		};
		94BBB9EC1EA7401000E2CE87 /* Build configuration list for PBXNativeTarget "Interactuando-con-el-hardware-del-dispositivo-iOS_Semana-1_EjemploSonido1UITests" */ = {
			isa = XCConfigurationList;
			buildConfigurations = (
				94BBB9ED1EA7401000E2CE87 /* Debug */,
				94BBB9EE1EA7401000E2CE87 /* Release */,
			);
			defaultConfigurationIsVisible = 0;
		};
/* End XCConfigurationList section */
	};
	rootObject = 94BBB9B61EA7401000E2CE87 /* Project object */;
}
